
Microsoft Visual Studio Solution File, Format Version 12.00
# Visual Studio Version 17
VisualStudioVersion = 17.10.35013.160
MinimumVisualStudioVersion = 10.0.40219.1
Project("{FAE04EC0-301F-11D3-BF4B-00C04F79EFBC}") = "API.Rest.Example", "API.Rest.Example.csproj", "{EE0EE8F1-D2A8-4780-9ABA-D746125FE2D2}"
EndProject
Global
	GlobalSection(SolutionConfigurationPlatforms) = preSolution
		Debug|Any CPU = Debug|Any CPU
		Release|Any CPU = Release|Any CPU
	EndGlobalSection
	GlobalSection(ProjectConfigurationPlatforms) = postSolution
		{EE0EE8F1-D2A8-4780-9ABA-D746125FE2D2}.Debug|Any CPU.ActiveCfg = Debug|Any CPU
		{EE0EE8F1-D2A8-4780-9ABA-D746125FE2D2}.Debug|Any CPU.Build.0 = Debug|Any CPU
		{EE0EE8F1-D2A8-4780-9ABA-D746125FE2D2}.Release|Any CPU.ActiveCfg = Release|Any CPU
		{EE0EE8F1-D2A8-4780-9ABA-D746125FE2D2}.Release|Any CPU.Build.0 = Release|Any CPU
	EndGlobalSection
	GlobalSection(SolutionProperties) = preSolution
		HideSolutionNode = FALSE
	EndGlobalSection
	GlobalSection(ExtensibilityGlobals) = postSolution
		SolutionGuid = {98F4C9F9-A564-4C2D-ABFB-012F14DA6DB2}
	EndGlobalSection
EndGlobal
